
Microsoft Visual Studio Solution File, Format Version 12.00
# Visual Studio Version 17
VisualStudioVersion = 17.5.002.0
MinimumVisualStudioVersion = 10.0.40219.1
Project("{9A19103F-16F7-4668-BE54-9A1E7A4F7556}") = "dong", "dong.csproj", "{68EB1CAA-4F3F-4A38-BFD7-5B13B690C5D6}"
EndProject
Global
	GlobalSection(SolutionConfigurationPlatforms) = preSolution
		Debug|Any CPU = Debug|Any CPU
		Release|Any CPU = Release|Any CPU
	EndGlobalSection
	GlobalSection(ProjectConfigurationPlatforms) = postSolution
		{68EB1CAA-4F3F-4A38-BFD7-5B13B690C5D6}.Debug|Any CPU.ActiveCfg = Debug|Any CPU
		{68EB1CAA-4F3F-4A38-BFD7-5B13B690C5D6}.Debug|Any CPU.Build.0 = Debug|Any CPU
		{68EB1CAA-4F3F-4A38-BFD7-5B13B690C5D6}.Release|Any CPU.ActiveCfg = Release|Any CPU
		{68EB1CAA-4F3F-4A38-BFD7-5B13B690C5D6}.Release|Any CPU.Build.0 = Release|Any CPU
	EndGlobalSection
	GlobalSection(SolutionProperties) = preSolution
		HideSolutionNode = FALSE
	EndGlobalSection
	GlobalSection(ExtensibilityGlobals) = postSolution
		SolutionGuid = {539082FB-AE83-481D-A09F-B178671D45AB}
	EndGlobalSection
EndGlobal
